{
  "name": "functional-strudel",
  "version": "0.0.1",
  "lockfileVersion": 3,
  "requires": true,
  "packages": {
    "": {
      "name": "functional-strudel",
      "version": "0.0.1",
      "license": "AGPL-3.0-or-later",
      "dependencies": {
        "fraction.js": "^5.2.1"
      },
      "devDependencies": {
        "typescript": "^5.5.3"
      }
    },
    "node_modules/fraction.js": {
      "version": "5.2.1",
      "resolved": "https://registry.npmjs.org/fraction.js/-/fraction.js-5.2.1.tgz",
      "integrity": "sha512-Ah6t/7YCYjrPUFUFsOsRLMXAdnYM+aQwmojD2Ayb/Ezr82SwES0vuyQ8qZ3QO8n9j7W14VJuVZZet8U3bhSdQQ==",
      "license": "MIT",
      "engines": {
        "node": ">= 12"
      },
      "funding": {
        "type": "github",
        "url": "https://github.com/sponsors/rawify"
      }
    },
    "node_modules/typescript": {
      "version": "5.5.3",
      "resolved": "https://registry.npmjs.org/typescript/-/typescript-5.5.3.tgz",
      "integrity": "sha512-/hreyEujaB0w76zKo6717l3L0o/qEUtRgdvUBvlkhoWeOVMjMuHNHk0BRBzikzuGDqNmPQbg5ifMEqsHLiIUcQ==",
      "dev": true,
      "bin": {
        "tsc": "bin/tsc",
        "tsserver": "bin/tsserver"
      },
      "engines": {
        "node": ">=14.17"
      }
    }
  }
}
